
Microsoft Visual Studio Solution File, Format Version 12.00
# Visual Studio Version 17
VisualStudioVersion = 17.7.34202.233
MinimumVisualStudioVersion = 10.0.40219.1
Project("{8BC9CEB8-8B4A-11D0-8D11-00A0C91BC942}") = "MongoDB Clone", "MongoDB Clone\MongoDB Clone.vcxproj", "{6C7A11EF-F211-4FBA-8C32-D98EBE98F14C}"
EndProject
Global
	GlobalSection(SolutionConfigurationPlatforms) = preSolution
		Debug|x64 = Debug|x64
		Debug|x86 = Debug|x86
		Release|x64 = Release|x64
		Release|x86 = Release|x86
	EndGlobalSection
	GlobalSection(ProjectConfigurationPlatforms) = postSolution
		{6C7A11EF-F211-4FBA-8C32-D98EBE98F14C}.Debug|x64.ActiveCfg = Debug|x64
		{6C7A11EF-F211-4FBA-8C32-D98EBE98F14C}.Debug|x64.Build.0 = Debug|x64
		{6C7A11EF-F211-4FBA-8C32-D98EBE98F14C}.Debug|x86.ActiveCfg = Debug|Win32
		{6C7A11EF-F211-4FBA-8C32-D98EBE98F14C}.Debug|x86.Build.0 = Debug|Win32
		{6C7A11EF-F211-4FBA-8C32-D98EBE98F14C}.Release|x64.ActiveCfg = Release|x64
		{6C7A11EF-F211-4FBA-8C32-D98EBE98F14C}.Release|x64.Build.0 = Release|x64
		{6C7A11EF-F211-4FBA-8C32-D98EBE98F14C}.Release|x86.ActiveCfg = Release|Win32
		{6C7A11EF-F211-4FBA-8C32-D98EBE98F14C}.Release|x86.Build.0 = Release|Win32
	EndGlobalSection
	GlobalSection(SolutionProperties) = preSolution
		HideSolutionNode = FALSE
	EndGlobalSection
	GlobalSection(ExtensibilityGlobals) = postSolution
		SolutionGuid = {74219B09-588F-4D55-818C-A72AC988C736}
	EndGlobalSection
EndGlobal
